
Microsoft Visual Studio Solution File, Format Version 12.00
# Visual Studio Version 17
VisualStudioVersion = 17.9.34728.123
MinimumVisualStudioVersion = 10.0.40219.1
Project("{9A19103F-16F7-4668-BE54-9A1E7A4F7556}") = "Tubes3_YUBIsa", "Tubes3_YUBIsa\Tubes3_YUBIsa.csproj", "{24DADAAC-8B5C-420F-B6DA-2FBC02715353}"
EndProject
Global
	GlobalSection(SolutionConfigurationPlatforms) = preSolution
		Debug|Any CPU = Debug|Any CPU
		Release|Any CPU = Release|Any CPU
	EndGlobalSection
	GlobalSection(ProjectConfigurationPlatforms) = postSolution
		{24DADAAC-8B5C-420F-B6DA-2FBC02715353}.Debug|Any CPU.ActiveCfg = Debug|Any CPU
		{24DADAAC-8B5C-420F-B6DA-2FBC02715353}.Debug|Any CPU.Build.0 = Debug|Any CPU
		{24DADAAC-8B5C-420F-B6DA-2FBC02715353}.Release|Any CPU.ActiveCfg = Release|Any CPU
		{24DADAAC-8B5C-420F-B6DA-2FBC02715353}.Release|Any CPU.Build.0 = Release|Any CPU
	EndGlobalSection
	GlobalSection(SolutionProperties) = preSolution
		HideSolutionNode = FALSE
	EndGlobalSection
	GlobalSection(ExtensibilityGlobals) = postSolution
		SolutionGuid = {A72F265C-B100-4E51-8BB9-FE7A15FB5D04}
	EndGlobalSection
EndGlobal
